
Microsoft Visual Studio Solution File, Format Version 12.00
# Visual Studio 2013
VisualStudioVersion = 12.0.30501.0
MinimumVisualStudioVersion = 10.0.40219.1
Project("{FAE04EC0-301F-11D3-BF4B-00C04F79EFBC}") = "XSC Editor", "XSC Editor\XSC Editor.csproj", "{967E0A1C-CE7E-462D-8C66-0BD12872EB87}"
EndProject
Project("{2150E333-8FDC-42A3-9474-1A3956D46DE8}") = "Solution Items", "Solution Items", "{E52E8551-7983-413B-A73B-DD503B44A2A6}"
EndProject
Global
	GlobalSection(SolutionConfigurationPlatforms) = preSolution
		Debug|Any CPU = Debug|Any CPU
		Release|Any CPU = Release|Any CPU
	EndGlobalSection
	GlobalSection(ProjectConfigurationPlatforms) = postSolution
		{967E0A1C-CE7E-462D-8C66-0BD12872EB87}.Debug|Any CPU.ActiveCfg = Debug|Any CPU
		{967E0A1C-CE7E-462D-8C66-0BD12872EB87}.Debug|Any CPU.Build.0 = Debug|Any CPU
		{967E0A1C-CE7E-462D-8C66-0BD12872EB87}.Release|Any CPU.ActiveCfg = Release|Any CPU
		{967E0A1C-CE7E-462D-8C66-0BD12872EB87}.Release|Any CPU.Build.0 = Release|Any CPU
	EndGlobalSection
	GlobalSection(SolutionProperties) = preSolution
		HideSolutionNode = FALSE
	EndGlobalSection
EndGlobal
